
Microsoft Visual Studio Solution File, Format Version 12.00
# Visual Studio 14
VisualStudioVersion = 14.0.25420.1
MinimumVisualStudioVersion = 10.0.40219.1
Project("{FAE04EC0-301F-11D3-BF4B-00C04F79EFBC}") = "Synchronizations Demo", "Synchronizations Demo.csproj", "{ED79FA48-B06C-4DCF-B49A-A3414E69D5B7}"
EndProject
Project("{2150E333-8FDC-42A3-9474-1A3956D46DE8}") = "Solution Items", "Solution Items", "{F1EBB9C5-3F2C-41AD-9137-F90AB38284BA}"
EndProject
Global
	GlobalSection(SolutionConfigurationPlatforms) = preSolution
		Debug|Any CPU = Debug|Any CPU
		Debug|x64 = Debug|x64
		Release|Any CPU = Release|Any CPU
		Release|x64 = Release|x64
	EndGlobalSection
	GlobalSection(ProjectConfigurationPlatforms) = postSolution
		{ED79FA48-B06C-4DCF-B49A-A3414E69D5B7}.Debug|Any CPU.ActiveCfg = Debug|Any CPU
		{ED79FA48-B06C-4DCF-B49A-A3414E69D5B7}.Debug|Any CPU.Build.0 = Debug|Any CPU
		{ED79FA48-B06C-4DCF-B49A-A3414E69D5B7}.Debug|x64.ActiveCfg = Debug|x64
		{ED79FA48-B06C-4DCF-B49A-A3414E69D5B7}.Debug|x64.Build.0 = Debug|x64
		{ED79FA48-B06C-4DCF-B49A-A3414E69D5B7}.Release|Any CPU.ActiveCfg = Release|Any CPU
		{ED79FA48-B06C-4DCF-B49A-A3414E69D5B7}.Release|Any CPU.Build.0 = Release|Any CPU
		{ED79FA48-B06C-4DCF-B49A-A3414E69D5B7}.Release|x64.ActiveCfg = Release|x64
		{ED79FA48-B06C-4DCF-B49A-A3414E69D5B7}.Release|x64.Build.0 = Release|x64
	EndGlobalSection
	GlobalSection(SolutionProperties) = preSolution
		HideSolutionNode = FALSE
	EndGlobalSection
EndGlobal
